
Microsoft Visual Studio Solution File, Format Version 12.00
# Visual Studio Version 17
VisualStudioVersion = 17.2.32616.157
MinimumVisualStudioVersion = 10.0.40219.1
Project("{FAE04EC0-301F-11D3-BF4B-00C04F79EFBC}") = "Calculadora", "Calculadora\Calculadora.csproj", "{A6A0037D-5F64-4C86-8936-79D0F40C377D}"
EndProject
Project("{FAE04EC0-301F-11D3-BF4B-00C04F79EFBC}") = "Calculadora.Testes", "Calculadora.Testes\Calculadora.Testes.csproj", "{D6D1B03D-6D46-43D6-B589-061478E080F6}"
EndProject
Global
	GlobalSection(SolutionConfigurationPlatforms) = preSolution
		Debug|Any CPU = Debug|Any CPU
		Release|Any CPU = Release|Any CPU
	EndGlobalSection
	GlobalSection(ProjectConfigurationPlatforms) = postSolution
		{A6A0037D-5F64-4C86-8936-79D0F40C377D}.Debug|Any CPU.ActiveCfg = Debug|Any CPU
		{A6A0037D-5F64-4C86-8936-79D0F40C377D}.Debug|Any CPU.Build.0 = Debug|Any CPU
		{A6A0037D-5F64-4C86-8936-79D0F40C377D}.Release|Any CPU.ActiveCfg = Release|Any CPU
		{A6A0037D-5F64-4C86-8936-79D0F40C377D}.Release|Any CPU.Build.0 = Release|Any CPU
		{D6D1B03D-6D46-43D6-B589-061478E080F6}.Debug|Any CPU.ActiveCfg = Debug|Any CPU
		{D6D1B03D-6D46-43D6-B589-061478E080F6}.Debug|Any CPU.Build.0 = Debug|Any CPU
		{D6D1B03D-6D46-43D6-B589-061478E080F6}.Release|Any CPU.ActiveCfg = Release|Any CPU
		{D6D1B03D-6D46-43D6-B589-061478E080F6}.Release|Any CPU.Build.0 = Release|Any CPU
	EndGlobalSection
	GlobalSection(SolutionProperties) = preSolution
		HideSolutionNode = FALSE
	EndGlobalSection
	GlobalSection(ExtensibilityGlobals) = postSolution
		SolutionGuid = {F55A88FC-8DD8-442E-A620-E64BD3C1F1DD}
	EndGlobalSection
EndGlobal
